<?xml version="1.0" encoding="utf-8"?>
<Project ToolsVersion="4.0" xmlns="http://schemas.microsoft.com/developer/msbuild/2003">
  <ItemGroup>
    <ClCompile Include="main.cpp" />
    <ClCompile Include="SDLEvent.cpp" />
    <ClCompile Include="TimeManager.cpp" />
    <ClCompile Include="stb_image.c" />
    <ClCompile Include="ChangeColor.cpp">
      <Filter>Colors\Source Files</Filter>
    </ClCompile>
    <ClCompile Include="Color.cpp">
      <Filter>Colors\Source Files</Filter>
    </ClCompile>
    <ClCompile Include="MathUtilities.cpp">
      <Filter>Math\Source Files</Filter>
    </ClCompile>
    <ClCompile Include="PlayerShip.cpp">
      <Filter>Game\Source Files</Filter>
    </ClCompile>
    <ClCompile Include="App.cpp">
      <Filter>Engine\Source files</Filter>
    </ClCompile>
    <ClCompile Include="Vector2.cpp">
      <Filter>Math\Source Files</Filter>
    </ClCompile>
    <ClCompile Include="Vector3.cpp">
      <Filter>Math\Source Files</Filter>
    </ClCompile>
  </ItemGroup>
  <ItemGroup>
    <ClInclude Include="SDLEvent.hpp" />
    <ClInclude Include="TimeManager.hpp" />
    <ClInclude Include="ChangeColor.hpp">
      <Filter>Colors\Header Files</Filter>
    </ClInclude>
    <ClInclude Include="Color.hpp">
      <Filter>Colors\Header Files</Filter>
    </ClInclude>
    <ClInclude Include="MathUtilities.hpp">
      <Filter>Math\Header Files</Filter>
    </ClInclude>
    <ClInclude Include="PlayerShip.hpp">
      <Filter>Game\Header Files</Filter>
    </ClInclude>
    <ClInclude Include="App.hpp">
      <Filter>Engine\Header files</Filter>
    </ClInclude>
    <ClInclude Include="Vector2.hpp">
      <Filter>Math\Header Files</Filter>
    </ClInclude>
    <ClInclude Include="Vector3.hpp">
      <Filter>Math\Header Files</Filter>
    </ClInclude>
  </ItemGroup>
  <ItemGroup>
    <Filter Include="Engine">
      <UniqueIdentifier>{6f9fb37f-e47b-46c3-8209-dbf486018555}</UniqueIdentifier>
    </Filter>
    <Filter Include="Engine\Source files">
      <UniqueIdentifier>{0a3ec513-922c-4b14-83e3-98e1934fea74}</UniqueIdentifier>
    </Filter>
    <Filter Include="Engine\Header files">
      <UniqueIdentifier>{da8cc683-e66e-46b9-be58-7d0e16e23f76}</UniqueIdentifier>
    </Filter>
    <Filter Include="Game">
      <UniqueIdentifier>{a793c6e2-f676-4ec9-971f-c642083bbf9c}</UniqueIdentifier>
    </Filter>
    <Filter Include="Colors">
      <UniqueIdentifier>{a96ad45b-0ff4-4bfd-9ba9-4919e8e86fff}</UniqueIdentifier>
    </Filter>
    <Filter Include="Game\Header Files">
      <UniqueIdentifier>{52c57153-ced1-4a23-9287-2febcd5182d9}</UniqueIdentifier>
    </Filter>
    <Filter Include="Game\Source Files">
      <UniqueIdentifier>{79b42550-9226-4123-b7b4-652b9c1f0109}</UniqueIdentifier>
    </Filter>
    <Filter Include="Colors\Header Files">
      <UniqueIdentifier>{0205dfa6-e5ea-433c-bb15-dda9cb8932df}</UniqueIdentifier>
    </Filter>
    <Filter Include="Colors\Source Files">
      <UniqueIdentifier>{4e3279dd-a8c2-4c55-a261-921c60dee51a}</UniqueIdentifier>
    </Filter>
    <Filter Include="Math">
      <UniqueIdentifier>{aede51f3-6e9b-4baf-b939-87152a191279}</UniqueIdentifier>
    </Filter>
    <Filter Include="Math\Header Files">
      <UniqueIdentifier>{420b7002-bc70-47ab-ba6b-0cefb18e02aa}</UniqueIdentifier>
    </Filter>
    <Filter Include="Math\Source Files">
      <UniqueIdentifier>{4d093805-0a91-4df7-beaa-213bf25c1822}</UniqueIdentifier>
    </Filter>
  </ItemGroup>
</Project>